
Microsoft Visual Studio Solution File, Format Version 10.00
# Visual Studio 2008
Project("{FAE04EC0-301F-11D3-BF4B-00C04F79EFBC}") = "ttak_datetime", "ttak_datetime\ttak_datetime.csproj", "{7FAB6D57-66E0-4F71-9A40-8984FD553A23}"
EndProject
Project("{FAE04EC0-301F-11D3-BF4B-00C04F79EFBC}") = "TamilNadu", "TamilNadu\TamilNadu.csproj", "{2711BC30-BDB9-4E91-BE9E-99A188D065F2}"
EndProject
Global
	GlobalSection(SolutionConfigurationPlatforms) = preSolution
		Debug|Any CPU = Debug|Any CPU
		Debug|Mixed Platforms = Debug|Mixed Platforms
		Debug|x86 = Debug|x86
		Release|Any CPU = Release|Any CPU
		Release|Mixed Platforms = Release|Mixed Platforms
		Release|x86 = Release|x86
	EndGlobalSection
	GlobalSection(ProjectConfigurationPlatforms) = postSolution
		{7FAB6D57-66E0-4F71-9A40-8984FD553A23}.Debug|Any CPU.ActiveCfg = Debug|Any CPU
		{7FAB6D57-66E0-4F71-9A40-8984FD553A23}.Debug|Any CPU.Build.0 = Debug|Any CPU
		{7FAB6D57-66E0-4F71-9A40-8984FD553A23}.Debug|Mixed Platforms.ActiveCfg = Debug|Any CPU
		{7FAB6D57-66E0-4F71-9A40-8984FD553A23}.Debug|Mixed Platforms.Build.0 = Debug|Any CPU
		{7FAB6D57-66E0-4F71-9A40-8984FD553A23}.Debug|x86.ActiveCfg = Debug|Any CPU
		{7FAB6D57-66E0-4F71-9A40-8984FD553A23}.Release|Any CPU.ActiveCfg = Release|Any CPU
		{7FAB6D57-66E0-4F71-9A40-8984FD553A23}.Release|Any CPU.Build.0 = Release|Any CPU
		{7FAB6D57-66E0-4F71-9A40-8984FD553A23}.Release|Mixed Platforms.ActiveCfg = Release|Any CPU
		{7FAB6D57-66E0-4F71-9A40-8984FD553A23}.Release|Mixed Platforms.Build.0 = Release|Any CPU
		{7FAB6D57-66E0-4F71-9A40-8984FD553A23}.Release|x86.ActiveCfg = Release|Any CPU
		{2711BC30-BDB9-4E91-BE9E-99A188D065F2}.Debug|Any CPU.ActiveCfg = Debug|Any CPU
		{2711BC30-BDB9-4E91-BE9E-99A188D065F2}.Debug|Any CPU.Build.0 = Debug|Any CPU
		{2711BC30-BDB9-4E91-BE9E-99A188D065F2}.Debug|Mixed Platforms.ActiveCfg = Debug|Any CPU
		{2711BC30-BDB9-4E91-BE9E-99A188D065F2}.Debug|Mixed Platforms.Build.0 = Debug|Any CPU
		{2711BC30-BDB9-4E91-BE9E-99A188D065F2}.Debug|x86.ActiveCfg = Debug|Any CPU
		{2711BC30-BDB9-4E91-BE9E-99A188D065F2}.Release|Any CPU.ActiveCfg = Release|Any CPU
		{2711BC30-BDB9-4E91-BE9E-99A188D065F2}.Release|Any CPU.Build.0 = Release|Any CPU
		{2711BC30-BDB9-4E91-BE9E-99A188D065F2}.Release|Mixed Platforms.ActiveCfg = Release|Any CPU
		{2711BC30-BDB9-4E91-BE9E-99A188D065F2}.Release|Mixed Platforms.Build.0 = Release|Any CPU
		{2711BC30-BDB9-4E91-BE9E-99A188D065F2}.Release|x86.ActiveCfg = Release|Any CPU
	EndGlobalSection
	GlobalSection(SolutionProperties) = preSolution
		HideSolutionNode = FALSE
	EndGlobalSection
EndGlobal
